
Microsoft Visual Studio Solution File, Format Version 12.00
# Visual Studio Version 16
VisualStudioVersion = 16.0.30503.244
MinimumVisualStudioVersion = 10.0.40219.1
Project("{9A19103F-16F7-4668-BE54-9A1E7A4F7556}") = "WebApi", "WebApi.csproj", "{FD35CE6F-4849-4F0D-A30C-82ABAC8E7E00}"
EndProject
Global
	GlobalSection(SolutionConfigurationPlatforms) = preSolution
		Debug|Any CPU = Debug|Any CPU
		Release|Any CPU = Release|Any CPU
	EndGlobalSection
	GlobalSection(ProjectConfigurationPlatforms) = postSolution
		{FD35CE6F-4849-4F0D-A30C-82ABAC8E7E00}.Debug|Any CPU.ActiveCfg = Debug|Any CPU
		{FD35CE6F-4849-4F0D-A30C-82ABAC8E7E00}.Debug|Any CPU.Build.0 = Debug|Any CPU
		{FD35CE6F-4849-4F0D-A30C-82ABAC8E7E00}.Release|Any CPU.ActiveCfg = Release|Any CPU
		{FD35CE6F-4849-4F0D-A30C-82ABAC8E7E00}.Release|Any CPU.Build.0 = Release|Any CPU
	EndGlobalSection
	GlobalSection(SolutionProperties) = preSolution
		HideSolutionNode = FALSE
	EndGlobalSection
	GlobalSection(ExtensibilityGlobals) = postSolution
		SolutionGuid = {6117A071-D9C7-42A6-ADFC-4516C4F3677C}
	EndGlobalSection
EndGlobal
